
Microsoft Visual Studio Solution File, Format Version 12.00
# Visual Studio Version 17
VisualStudioVersion = 17.8.34322.80
MinimumVisualStudioVersion = 10.0.40219.1
Project("{9A19103F-16F7-4668-BE54-9A1E7A4F7556}") = "API", "API.csproj", "{6F86E50A-37A1-4514-8F43-C385DF245718}"
EndProject
Project("{2150E333-8FDC-42A3-9474-1A3956D46DE8}") = "Shared", "Shared", "{4E03E9BC-D36F-4882-AEB4-01A0690240AF}"
EndProject
Project("{2150E333-8FDC-42A3-9474-1A3956D46DE8}") = "Test", "Test", "{AC00C2B5-9CE6-41FE-B61D-5F8A34A07F26}"
EndProject
Project("{9A19103F-16F7-4668-BE54-9A1E7A4F7556}") = "Common", "..\..\Shared Library\Common\Common.csproj", "{9C4DC3FE-88A8-4570-8B2A-13A0AD9F2746}"
EndProject
Project("{9A19103F-16F7-4668-BE54-9A1E7A4F7556}") = "WebAPI", "..\..\Presentation\WebAPI\WebAPI.csproj", "{F6D4AB09-0709-4550-807B-B2289BC02341}"
EndProject
Project("{2150E333-8FDC-42A3-9474-1A3956D46DE8}") = "Src", "Src", "{254C6E1F-8B35-4CE0-A7FD-8F94146C789F}"
EndProject
Project("{FAE04EC0-301F-11D3-BF4B-00C04F79EFBC}") = "UnitTests_And_Answers", "..\..\Tests\UnitTests_And_Answers\UnitTests_And_Answers.csproj", "{2F4526FE-1EE6-4144-8317-B0D93C8AAD29}"
EndProject
Global
	GlobalSection(SolutionConfigurationPlatforms) = preSolution
		Debug|Any CPU = Debug|Any CPU
		Release|Any CPU = Release|Any CPU
	EndGlobalSection
	GlobalSection(ProjectConfigurationPlatforms) = postSolution
		{6F86E50A-37A1-4514-8F43-C385DF245718}.Debug|Any CPU.ActiveCfg = Debug|Any CPU
		{6F86E50A-37A1-4514-8F43-C385DF245718}.Debug|Any CPU.Build.0 = Debug|Any CPU
		{6F86E50A-37A1-4514-8F43-C385DF245718}.Release|Any CPU.ActiveCfg = Release|Any CPU
		{6F86E50A-37A1-4514-8F43-C385DF245718}.Release|Any CPU.Build.0 = Release|Any CPU
		{9C4DC3FE-88A8-4570-8B2A-13A0AD9F2746}.Debug|Any CPU.ActiveCfg = Debug|Any CPU
		{9C4DC3FE-88A8-4570-8B2A-13A0AD9F2746}.Debug|Any CPU.Build.0 = Debug|Any CPU
		{9C4DC3FE-88A8-4570-8B2A-13A0AD9F2746}.Release|Any CPU.ActiveCfg = Release|Any CPU
		{9C4DC3FE-88A8-4570-8B2A-13A0AD9F2746}.Release|Any CPU.Build.0 = Release|Any CPU
		{F6D4AB09-0709-4550-807B-B2289BC02341}.Debug|Any CPU.ActiveCfg = Debug|Any CPU
		{F6D4AB09-0709-4550-807B-B2289BC02341}.Debug|Any CPU.Build.0 = Debug|Any CPU
		{F6D4AB09-0709-4550-807B-B2289BC02341}.Release|Any CPU.ActiveCfg = Release|Any CPU
		{F6D4AB09-0709-4550-807B-B2289BC02341}.Release|Any CPU.Build.0 = Release|Any CPU
		{2F4526FE-1EE6-4144-8317-B0D93C8AAD29}.Debug|Any CPU.ActiveCfg = Debug|Any CPU
		{2F4526FE-1EE6-4144-8317-B0D93C8AAD29}.Debug|Any CPU.Build.0 = Debug|Any CPU
		{2F4526FE-1EE6-4144-8317-B0D93C8AAD29}.Release|Any CPU.ActiveCfg = Release|Any CPU
		{2F4526FE-1EE6-4144-8317-B0D93C8AAD29}.Release|Any CPU.Build.0 = Release|Any CPU
	EndGlobalSection
	GlobalSection(SolutionProperties) = preSolution
		HideSolutionNode = FALSE
	EndGlobalSection
	GlobalSection(NestedProjects) = preSolution
		{6F86E50A-37A1-4514-8F43-C385DF245718} = {254C6E1F-8B35-4CE0-A7FD-8F94146C789F}
		{9C4DC3FE-88A8-4570-8B2A-13A0AD9F2746} = {4E03E9BC-D36F-4882-AEB4-01A0690240AF}
		{F6D4AB09-0709-4550-807B-B2289BC02341} = {254C6E1F-8B35-4CE0-A7FD-8F94146C789F}
		{2F4526FE-1EE6-4144-8317-B0D93C8AAD29} = {AC00C2B5-9CE6-41FE-B61D-5F8A34A07F26}
	EndGlobalSection
	GlobalSection(ExtensibilityGlobals) = postSolution
		SolutionGuid = {33C34796-EFC4-487E-AA7F-F18D3224415C}
	EndGlobalSection
EndGlobal
